
Microsoft Visual Studio Solution File, Format Version 12.00
# Visual Studio Version 16
VisualStudioVersion = 16.0.29411.108
MinimumVisualStudioVersion = 10.0.40219.1
Project("{F184B08F-C81C-45F6-A57F-5ABD9991F28F}") = "MYdrawingapp", "MYdrawingapp\MYdrawingapp.vbproj", "{A849F68E-53D2-4311-BBE9-DA48D4A8F2E2}"
EndProject
Global
	GlobalSection(SolutionConfigurationPlatforms) = preSolution
		Debug|Any CPU = Debug|Any CPU
		Release|Any CPU = Release|Any CPU
	EndGlobalSection
	GlobalSection(ProjectConfigurationPlatforms) = postSolution
		{A849F68E-53D2-4311-BBE9-DA48D4A8F2E2}.Debug|Any CPU.ActiveCfg = Debug|Any CPU
		{A849F68E-53D2-4311-BBE9-DA48D4A8F2E2}.Debug|Any CPU.Build.0 = Debug|Any CPU
		{A849F68E-53D2-4311-BBE9-DA48D4A8F2E2}.Release|Any CPU.ActiveCfg = Release|Any CPU
		{A849F68E-53D2-4311-BBE9-DA48D4A8F2E2}.Release|Any CPU.Build.0 = Release|Any CPU
	EndGlobalSection
	GlobalSection(SolutionProperties) = preSolution
		HideSolutionNode = FALSE
	EndGlobalSection
	GlobalSection(ExtensibilityGlobals) = postSolution
		SolutionGuid = {CFA1C1A7-32D5-4523-AE2D-FA0BE0BC18C6}
	EndGlobalSection
EndGlobal
